
Microsoft Visual Studio Solution File, Format Version 12.00
# Visual Studio Version 17
VisualStudioVersion = 17.10.35013.160
MinimumVisualStudioVersion = 10.0.40219.1
Project("{9A19103F-16F7-4668-BE54-9A1E7A4F7556}") = "Tickets", "Tickets.csproj", "{31858378-D94F-402B-9604-CEB8B417CD08}"
EndProject
Project("{FAE04EC0-301F-11D3-BF4B-00C04F79EFBC}") = "TicketsService.Tests", "..\TicketsService.Tests\TicketsService.Tests.csproj", "{570413E5-F6EE-4C17-918C-32EB8D6E4540}"
EndProject
Global
	GlobalSection(SolutionConfigurationPlatforms) = preSolution
		Debug|Any CPU = Debug|Any CPU
		Release|Any CPU = Release|Any CPU
	EndGlobalSection
	GlobalSection(ProjectConfigurationPlatforms) = postSolution
		{31858378-D94F-402B-9604-CEB8B417CD08}.Debug|Any CPU.ActiveCfg = Debug|Any CPU
		{31858378-D94F-402B-9604-CEB8B417CD08}.Debug|Any CPU.Build.0 = Debug|Any CPU
		{31858378-D94F-402B-9604-CEB8B417CD08}.Release|Any CPU.ActiveCfg = Release|Any CPU
		{31858378-D94F-402B-9604-CEB8B417CD08}.Release|Any CPU.Build.0 = Release|Any CPU
		{570413E5-F6EE-4C17-918C-32EB8D6E4540}.Debug|Any CPU.ActiveCfg = Debug|Any CPU
		{570413E5-F6EE-4C17-918C-32EB8D6E4540}.Debug|Any CPU.Build.0 = Debug|Any CPU
		{570413E5-F6EE-4C17-918C-32EB8D6E4540}.Release|Any CPU.ActiveCfg = Release|Any CPU
		{570413E5-F6EE-4C17-918C-32EB8D6E4540}.Release|Any CPU.Build.0 = Release|Any CPU
	EndGlobalSection
	GlobalSection(SolutionProperties) = preSolution
		HideSolutionNode = FALSE
	EndGlobalSection
	GlobalSection(ExtensibilityGlobals) = postSolution
		SolutionGuid = {D090CB4D-32A4-420B-A6A2-F602029FBB31}
	EndGlobalSection
EndGlobal
